# This file is autogenerated, do not edit; changes may be undone by the next 'dep ensure'.


[[projects]]
  digest = "1:aacef5f5e45685f2aeda5534d0a750dee6859de7e9088cdd06192787bb01ae6d"
  name = "github.com/go-errors/errors"
  packages = ["."]
  pruneopts = "UT"
  revision = "a6af135bd4e28680facf08a3d206b454abc877a4"
  version = "v1.0.1"

[[projects]]
  digest = "1:ec6f9bf5e274c833c911923c9193867f3f18788c461f76f05f62bb1510e0ae65"
  name = "github.com/go-sql-driver/mysql"
  packages = ["."]
  pruneopts = "UT"
  revision = "72cd26f257d44c1114970e19afddcd812016007e"
  version = "v1.4.1"

[[projects]]
  digest = "1:236d7e1bdb50d8f68559af37dbcf9d142d56b431c9b2176d41e2a009b664cda8"
  name = "github.com/google/uuid"
  packages = ["."]
  pruneopts = "UT"
  revision = "9b3b1e0f5f99ae461456d768e7d301a7acdaa2d8"
  version = "v1.1.0"

[[projects]]
  digest = "1:8ef506fc2bb9ced9b151dafa592d4046063d744c646c1bbe801982ce87e4bc24"
  name = "github.com/lib/pq"
  packages = [
    ".",
    "oid",
  ]
  pruneopts = "UT"
  revision = "4ded0e9383f75c197b3a2aaa6d590ac52df6fd79"
  version = "v1.0.0"

[[projects]]
  branch = "master"
  digest = "1:aa3d8d42865c42626b5c1add193692d045b3188b1479f0a0a88690d21fe20083"
  name = "github.com/mailru/easyjson"
  packages = [
    ".",
    "buffer",
    "jlexer",
    "jwriter",
  ]
  pruneopts = "UT"
  revision = "60711f1a8329503b04e1c88535f419d0bb440bff"

[[projects]]
  digest = "1:286551cbc5342f31759fc86c439e4a40b7b56ee76ef01fe1caf7869ffbbe11ee"
  name = "github.com/olivere/elastic"
  packages = [
    "config",
    "uritemplates",
  ]
  pruneopts = "UT"
  revision = "f5738570b28a4b5fab39442e3a5b5ffc599a562c"
  version = "v6.2.15"

[[projects]]
  digest = "1:0026bcf20047d4a685d3175336a0d6b1f0360447503f8dcb51266d0ea8f5d105"
  name = "github.com/ory-am/common"
  packages = ["env"]
  pruneopts = "UT"
  revision = "b6357395e30805e2ad1f6d8fb759fa2b7146d8da"
  version = "v0.4.0"

[[projects]]
  digest = "1:e5d0bd87abc2781d14e274807a470acd180f0499f8bf5bb18606e9ec22ad9de9"
  name = "github.com/pborman/uuid"
  packages = ["."]
  pruneopts = "UT"
  revision = "adf5a7427709b9deb95d29d3fa8a2bf9cfd388f1"
  version = "v1.2"

[[projects]]
  digest = "1:cf31692c14422fa27c83a05292eb5cbe0fb2775972e8f1f8446a71549bd8980b"
  name = "github.com/pkg/errors"
  packages = ["."]
  pruneopts = "UT"
  revision = "ba968bfe8b2f7e042a574c888954fccecfa385b4"
  version = "v0.8.1"

[[projects]]
  digest = "1:c25289f43ac4a68d88b02245742347c94f1e108c534dda442188015ff80669b3"
  name = "google.golang.org/appengine"
  packages = ["cloudsql"]
  pruneopts = "UT"
  revision = "e9657d882bb81064595ca3b56cbe2546bbabf7b1"
  version = "v1.4.0"

[[projects]]
  digest = "1:caf33101de64778fd93678070a4db21be9ee904e3dc2f3e7dec111a3896098bc"
  name = "gopkg.in/olivere/elastic.v6"
  packages = ["."]
  pruneopts = "UT"
  revision = "f5738570b28a4b5fab39442e3a5b5ffc599a562c"
  version = "v6.2.15"

[[projects]]
  digest = "1:5e3fa056a8a8a0b184287e1b53118cd2eb964c2bd7d9286a7689059e54206ce1"
  name = "gopkg.in/ory-am/dockertest.v2"
  packages = ["."]
  pruneopts = "UT"
  revision = "edb9d9444e6868c1b1e279098b628e7b8e6f0714"
  version = "v2.2.3"

[solve-meta]
  analyzer-name = "dep"
  analyzer-version = 1
  input-imports = [
    "gopkg.in/olivere/elastic.v6",
    "gopkg.in/ory-am/dockertest.v2",
  ]
  solver-name = "gps-cdcl"
  solver-version = 1
